// !$*UTF8*$!
{
	archiveVersion = 1;
	classes = {
	};
	objectVersion = 56;
	objects = {

/* Begin PBXBuildFile section */
		9C883EF02AF414B80055A89F /* AppetizersApp.swift in Sources */ = {isa = PBXBuildFile; fileRef = 9C883EEF2AF414B80055A89F /* AppetizersApp.swift */; };
		9C883EF22AF414B80055A89F /* AppatizerTabView.swift in Sources */ = {isa = PBXBuildFile; fileRef = 9C883EF12AF414B80055A89F /* AppatizerTabView.swift */; };
		9C883EF42AF414BA0055A89F /* Assets.xcassets in Resources */ = {isa = PBXBuildFile; fileRef = 9C883EF32AF414BA0055A89F /* Assets.xcassets */; };
		9C883EF72AF414BA0055A89F /* Preview Assets.xcassets in Resources */ = {isa = PBXBuildFile; fileRef = 9C883EF62AF414BA0055A89F /* Preview Assets.xcassets */; };
		9C883F012AF414BA0055A89F /* AppetizersTests.swift in Sources */ = {isa = PBXBuildFile; fileRef = 9C883F002AF414BA0055A89F /* AppetizersTests.swift */; };
		9C883F0B2AF414BA0055A89F /* AppetizersUITests.swift in Sources */ = {isa = PBXBuildFile; fileRef = 9C883F0A2AF414BA0055A89F /* AppetizersUITests.swift */; };
		9C883F0D2AF414BA0055A89F /* AppetizersUITestsLaunchTests.swift in Sources */ = {isa = PBXBuildFile; fileRef = 9C883F0C2AF414BA0055A89F /* AppetizersUITestsLaunchTests.swift */; };
		9C883F1A2AF417B80055A89F /* AppitizerListView.swift in Sources */ = {isa = PBXBuildFile; fileRef = 9C883F192AF417B80055A89F /* AppitizerListView.swift */; };
		9C883F1C2AF417CC0055A89F /* OrderView.swift in Sources */ = {isa = PBXBuildFile; fileRef = 9C883F1B2AF417CC0055A89F /* OrderView.swift */; };
		9C883F1E2AF417D90055A89F /* AccountView.swift in Sources */ = {isa = PBXBuildFile; fileRef = 9C883F1D2AF417D90055A89F /* AccountView.swift */; };
		9C883F222AF6BF6F0055A89F /* AppatizersListModel.swift in Sources */ = {isa = PBXBuildFile; fileRef = 9C883F212AF6BF6F0055A89F /* AppatizersListModel.swift */; };
		9C883F252AF6C6900055A89F /* AppatizerListCellView.swift in Sources */ = {isa = PBXBuildFile; fileRef = 9C883F242AF6C6900055A89F /* AppatizerListCellView.swift */; };
/* End PBXBuildFile section */

/* Begin PBXContainerItemProxy section */
		9C883EFD2AF414BA0055A89F /* PBXContainerItemProxy */ = {
			isa = PBXContainerItemProxy;
			containerPortal = 9C883EE42AF414B80055A89F /* Project object */;
			proxyType = 1;
			remoteGlobalIDString = 9C883EEB2AF414B80055A89F;
			remoteInfo = Appetizers;
		};
		9C883F072AF414BA0055A89F /* PBXContainerItemProxy */ = {
			isa = PBXContainerItemProxy;
			containerPortal = 9C883EE42AF414B80055A89F /* Project object */;
			proxyType = 1;
			remoteGlobalIDString = 9C883EEB2AF414B80055A89F;
			remoteInfo = Appetizers;
		};
/* End PBXContainerItemProxy section */

/* Begin PBXFileReference section */
		9C883EEC2AF414B80055A89F /* Appetizers.app */ = {isa = PBXFileReference; explicitFileType = wrapper.application; includeInIndex = 0; path = Appetizers.app; sourceTree = BUILT_PRODUCTS_DIR; };
		9C883EEF2AF414B80055A89F /* AppetizersApp.swift */ = {isa = PBXFileReference; lastKnownFileType = sourcecode.swift; path = AppetizersApp.swift; sourceTree = "<group>"; };
		9C883EF12AF414B80055A89F /* AppatizerTabView.swift */ = {isa = PBXFileReference; lastKnownFileType = sourcecode.swift; path = AppatizerTabView.swift; sourceTree = "<group>"; };
		9C883EF32AF414BA0055A89F /* Assets.xcassets */ = {isa = PBXFileReference; lastKnownFileType = folder.assetcatalog; path = Assets.xcassets; sourceTree = "<group>"; };
		9C883EF62AF414BA0055A89F /* Preview Assets.xcassets */ = {isa = PBXFileReference; lastKnownFileType = folder.assetcatalog; path = "Preview Assets.xcassets"; sourceTree = "<group>"; };
		9C883EFC2AF414BA0055A89F /* AppetizersTests.xctest */ = {isa = PBXFileReference; explicitFileType = wrapper.cfbundle; includeInIndex = 0; path = AppetizersTests.xctest; sourceTree = BUILT_PRODUCTS_DIR; };
		9C883F002AF414BA0055A89F /* AppetizersTests.swift */ = {isa = PBXFileReference; lastKnownFileType = sourcecode.swift; path = AppetizersTests.swift; sourceTree = "<group>"; };
		9C883F062AF414BA0055A89F /* AppetizersUITests.xctest */ = {isa = PBXFileReference; explicitFileType = wrapper.cfbundle; includeInIndex = 0; path = AppetizersUITests.xctest; sourceTree = BUILT_PRODUCTS_DIR; };
		9C883F0A2AF414BA0055A89F /* AppetizersUITests.swift */ = {isa = PBXFileReference; lastKnownFileType = sourcecode.swift; path = AppetizersUITests.swift; sourceTree = "<group>"; };
		9C883F0C2AF414BA0055A89F /* AppetizersUITestsLaunchTests.swift */ = {isa = PBXFileReference; lastKnownFileType = sourcecode.swift; path = AppetizersUITestsLaunchTests.swift; sourceTree = "<group>"; };
		9C883F192AF417B80055A89F /* AppitizerListView.swift */ = {isa = PBXFileReference; lastKnownFileType = sourcecode.swift; path = AppitizerListView.swift; sourceTree = "<group>"; };
		9C883F1B2AF417CC0055A89F /* OrderView.swift */ = {isa = PBXFileReference; lastKnownFileType = sourcecode.swift; path = OrderView.swift; sourceTree = "<group>"; };
		9C883F1D2AF417D90055A89F /* AccountView.swift */ = {isa = PBXFileReference; lastKnownFileType = sourcecode.swift; path = AccountView.swift; sourceTree = "<group>"; };
		9C883F212AF6BF6F0055A89F /* AppatizersListModel.swift */ = {isa = PBXFileReference; lastKnownFileType = sourcecode.swift; path = AppatizersListModel.swift; sourceTree = "<group>"; };
		9C883F242AF6C6900055A89F /* AppatizerListCellView.swift */ = {isa = PBXFileReference; lastKnownFileType = sourcecode.swift; path = AppatizerListCellView.swift; sourceTree = "<group>"; };
/* End PBXFileReference section */

/* Begin PBXFrameworksBuildPhase section */
		9C883EE92AF414B80055A89F /* Frameworks */ = {
			isa = PBXFrameworksBuildPhase;
			buildActionMask = 2147483647;
			files = (
			);
			runOnlyForDeploymentPostprocessing = 0;
		};
		9C883EF92AF414BA0055A89F /* Frameworks */ = {
			isa = PBXFrameworksBuildPhase;
			buildActionMask = 2147483647;
			files = (
			);
			runOnlyForDeploymentPostprocessing = 0;
		};
		9C883F032AF414BA0055A89F /* Frameworks */ = {
			isa = PBXFrameworksBuildPhase;
			buildActionMask = 2147483647;
			files = (
			);
			runOnlyForDeploymentPostprocessing = 0;
		};
/* End PBXFrameworksBuildPhase section */

/* Begin PBXGroup section */
		9C883EE32AF414B80055A89F = {
			isa = PBXGroup;
			children = (
				9C883EEE2AF414B80055A89F /* Appetizers */,
				9C883EFF2AF414BA0055A89F /* AppetizersTests */,
				9C883F092AF414BA0055A89F /* AppetizersUITests */,
				9C883EED2AF414B80055A89F /* Products */,
			);
			sourceTree = "<group>";
		};
		9C883EED2AF414B80055A89F /* Products */ = {
			isa = PBXGroup;
			children = (
				9C883EEC2AF414B80055A89F /* Appetizers.app */,
				9C883EFC2AF414BA0055A89F /* AppetizersTests.xctest */,
				9C883F062AF414BA0055A89F /* AppetizersUITests.xctest */,
			);
			name = Products;
			sourceTree = "<group>";
		};
		9C883EEE2AF414B80055A89F /* Appetizers */ = {
			isa = PBXGroup;
			children = (
				9C883F202AF4C0C60055A89F /* Model */,
				9C883F1F2AF4197D0055A89F /* Views */,
				9C883EEF2AF414B80055A89F /* AppetizersApp.swift */,
				9C883EF12AF414B80055A89F /* AppatizerTabView.swift */,
				9C883EF32AF414BA0055A89F /* Assets.xcassets */,
				9C883EF52AF414BA0055A89F /* Preview Content */,
			);
			path = Appetizers;
			sourceTree = "<group>";
		};
		9C883EF52AF414BA0055A89F /* Preview Content */ = {
			isa = PBXGroup;
			children = (
				9C883EF62AF414BA0055A89F /* Preview Assets.xcassets */,
			);
			path = "Preview Content";
			sourceTree = "<group>";
		};
		9C883EFF2AF414BA0055A89F /* AppetizersTests */ = {
			isa = PBXGroup;
			children = (
				9C883F002AF414BA0055A89F /* AppetizersTests.swift */,
			);
			path = AppetizersTests;
			sourceTree = "<group>";
		};
		9C883F092AF414BA0055A89F /* AppetizersUITests */ = {
			isa = PBXGroup;
			children = (
				9C883F0A2AF414BA0055A89F /* AppetizersUITests.swift */,
				9C883F0C2AF414BA0055A89F /* AppetizersUITestsLaunchTests.swift */,
			);
			path = AppetizersUITests;
			sourceTree = "<group>";
		};
		9C883F1F2AF4197D0055A89F /* Views */ = {
			isa = PBXGroup;
			children = (
				9C883F232AF6C6800055A89F /* AppatizerCellView */,
				9C883F1D2AF417D90055A89F /* AccountView.swift */,
				9C883F1B2AF417CC0055A89F /* OrderView.swift */,
				9C883F192AF417B80055A89F /* AppitizerListView.swift */,
			);
			path = Views;
			sourceTree = "<group>";
		};
		9C883F202AF4C0C60055A89F /* Model */ = {
			isa = PBXGroup;
			children = (
				9C883F212AF6BF6F0055A89F /* AppatizersListModel.swift */,
			);
			path = Model;
			sourceTree = "<group>";
		};
		9C883F232AF6C6800055A89F /* AppatizerCellView */ = {
			isa = PBXGroup;
			children = (
				9C883F242AF6C6900055A89F /* AppatizerListCellView.swift */,
			);
			path = AppatizerCellView;
			sourceTree = "<group>";
		};
/* End PBXGroup section */

/* Begin PBXNativeTarget section */
		9C883EEB2AF414B80055A89F /* Appetizers */ = {
			isa = PBXNativeTarget;
			buildConfigurationList = 9C883F102AF414BA0055A89F /* Build configuration list for PBXNativeTarget "Appetizers" */;
			buildPhases = (
				9C883EE82AF414B80055A89F /* Sources */,
				9C883EE92AF414B80055A89F /* Frameworks */,
				9C883EEA2AF414B80055A89F /* Resources */,
			);
			buildRules = (
			);
			dependencies = (
			);
			name = Appetizers;
			productName = Appetizers;
			productReference = 9C883EEC2AF414B80055A89F /* Appetizers.app */;
			productType = "com.apple.product-type.application";
		};
		9C883EFB2AF414BA0055A89F /* AppetizersTests */ = {
			isa = PBXNativeTarget;
			buildConfigurationList = 9C883F132AF414BA0055A89F /* Build configuration list for PBXNativeTarget "AppetizersTests" */;
			buildPhases = (
				9C883EF82AF414BA0055A89F /* Sources */,
				9C883EF92AF414BA0055A89F /* Frameworks */,
				9C883EFA2AF414BA0055A89F /* Resources */,
			);
			buildRules = (
			);
			dependencies = (
				9C883EFE2AF414BA0055A89F /* PBXTargetDependency */,
			);
			name = AppetizersTests;
			productName = AppetizersTests;
			productReference = 9C883EFC2AF414BA0055A89F /* AppetizersTests.xctest */;
			productType = "com.apple.product-type.bundle.unit-test";
		};
		9C883F052AF414BA0055A89F /* AppetizersUITests */ = {
			isa = PBXNativeTarget;
			buildConfigurationList = 9C883F162AF414BA0055A89F /* Build configuration list for PBXNativeTarget "AppetizersUITests" */;
			buildPhases = (
				9C883F022AF414BA0055A89F /* Sources */,
				9C883F032AF414BA0055A89F /* Frameworks */,
				9C883F042AF414BA0055A89F /* Resources */,
			);
			buildRules = (
			);
			dependencies = (
				9C883F082AF414BA0055A89F /* PBXTargetDependency */,
			);
			name = AppetizersUITests;
			productName = AppetizersUITests;
			productReference = 9C883F062AF414BA0055A89F /* AppetizersUITests.xctest */;
			productType = "com.apple.product-type.bundle.ui-testing";
		};
/* End PBXNativeTarget section */

/* Begin PBXProject section */
		9C883EE42AF414B80055A89F /* Project object */ = {
			isa = PBXProject;
			attributes = {
				BuildIndependentTargetsInParallel = 1;
				LastSwiftUpdateCheck = 1500;
				LastUpgradeCheck = 1500;
				TargetAttributes = {
					9C883EEB2AF414B80055A89F = {
						CreatedOnToolsVersion = 15.0.1;
					};
					9C883EFB2AF414BA0055A89F = {
						CreatedOnToolsVersion = 15.0.1;
						TestTargetID = 9C883EEB2AF414B80055A89F;
					};
					9C883F052AF414BA0055A89F = {
						CreatedOnToolsVersion = 15.0.1;
						TestTargetID = 9C883EEB2AF414B80055A89F;
					};
				};
			};
			buildConfigurationList = 9C883EE72AF414B80055A89F /* Build configuration list for PBXProject "Appetizers" */;
			compatibilityVersion = "Xcode 14.0";
			developmentRegion = en;
			hasScannedForEncodings = 0;
			knownRegions = (
				en,
				Base,
			);
			mainGroup = 9C883EE32AF414B80055A89F;
			productRefGroup = 9C883EED2AF414B80055A89F /* Products */;
			projectDirPath = "";
			projectRoot = "";
			targets = (
				9C883EEB2AF414B80055A89F /* Appetizers */,
				9C883EFB2AF414BA0055A89F /* AppetizersTests */,
				9C883F052AF414BA0055A89F /* AppetizersUITests */,
			);
		};
/* End PBXProject section */

/* Begin PBXResourcesBuildPhase section */
		9C883EEA2AF414B80055A89F /* Resources */ = {
			isa = PBXResourcesBuildPhase;
			buildActionMask = 2147483647;
			files = (
				9C883EF72AF414BA0055A89F /* Preview Assets.xcassets in Resources */,
				9C883EF42AF414BA0055A89F /* Assets.xcassets in Resources */,
			);
			runOnlyForDeploymentPostprocessing = 0;
		};
		9C883EFA2AF414BA0055A89F /* Resources */ = {
			isa = PBXResourcesBuildPhase;
			buildActionMask = 2147483647;
			files = (
			);
			runOnlyForDeploymentPostprocessing = 0;
		};
		9C883F042AF414BA0055A89F /* Resources */ = {
			isa = PBXResourcesBuildPhase;
			buildActionMask = 2147483647;
			files = (
			);
			runOnlyForDeploymentPostprocessing = 0;
		};
/* End PBXResourcesBuildPhase section */

/* Begin PBXSourcesBuildPhase section */
		9C883EE82AF414B80055A89F /* Sources */ = {
			isa = PBXSourcesBuildPhase;
			buildActionMask = 2147483647;
			files = (
				9C883EF22AF414B80055A89F /* AppatizerTabView.swift in Sources */,
				9C883F1C2AF417CC0055A89F /* OrderView.swift in Sources */,
				9C883F252AF6C6900055A89F /* AppatizerListCellView.swift in Sources */,
				9C883EF02AF414B80055A89F /* AppetizersApp.swift in Sources */,
				9C883F1A2AF417B80055A89F /* AppitizerListView.swift in Sources */,
				9C883F222AF6BF6F0055A89F /* AppatizersListModel.swift in Sources */,
				9C883F1E2AF417D90055A89F /* AccountView.swift in Sources */,
			);
			runOnlyForDeploymentPostprocessing = 0;
		};
		9C883EF82AF414BA0055A89F /* Sources */ = {
			isa = PBXSourcesBuildPhase;
			buildActionMask = 2147483647;
			files = (
				9C883F012AF414BA0055A89F /* AppetizersTests.swift in Sources */,
			);
			runOnlyForDeploymentPostprocessing = 0;
		};
		9C883F022AF414BA0055A89F /* Sources */ = {
			isa = PBXSourcesBuildPhase;
			buildActionMask = 2147483647;
			files = (
				9C883F0B2AF414BA0055A89F /* AppetizersUITests.swift in Sources */,
				9C883F0D2AF414BA0055A89F /* AppetizersUITestsLaunchTests.swift in Sources */,
			);
			runOnlyForDeploymentPostprocessing = 0;
		};
/* End PBXSourcesBuildPhase section */

/* Begin PBXTargetDependency section */
		9C883EFE2AF414BA0055A89F /* PBXTargetDependency */ = {
			isa = PBXTargetDependency;
			target = 9C883EEB2AF414B80055A89F /* Appetizers */;
			targetProxy = 9C883EFD2AF414BA0055A89F /* PBXContainerItemProxy */;
		};
		9C883F082AF414BA0055A89F /* PBXTargetDependency */ = {
			isa = PBXTargetDependency;
			target = 9C883EEB2AF414B80055A89F /* Appetizers */;
			targetProxy = 9C883F072AF414BA0055A89F /* PBXContainerItemProxy */;
		};
/* End PBXTargetDependency section */

/* Begin XCBuildConfiguration section */
		9C883F0E2AF414BA0055A89F /* Debug */ = {
			isa = XCBuildConfiguration;
			buildSettings = {
				ALWAYS_SEARCH_USER_PATHS = NO;
				ASSETCATALOG_COMPILER_GENERATE_SWIFT_ASSET_SYMBOL_EXTENSIONS = YES;
				CLANG_ANALYZER_NONNULL = YES;
				CLANG_ANALYZER_NUMBER_OBJECT_CONVERSION = YES_AGGRESSIVE;
				CLANG_CXX_LANGUAGE_STANDARD = "gnu++20";
				CLANG_ENABLE_MODULES = YES;
				CLANG_ENABLE_OBJC_ARC = YES;
				CLANG_ENABLE_OBJC_WEAK = YES;
				CLANG_WARN_BLOCK_CAPTURE_AUTORELEASING = YES;
				CLANG_WARN_BOOL_CONVERSION = YES;
				CLANG_WARN_COMMA = YES;
				CLANG_WARN_CONSTANT_CONVERSION = YES;
				CLANG_WARN_DEPRECATED_OBJC_IMPLEMENTATIONS = YES;
				CLANG_WARN_DIRECT_OBJC_ISA_USAGE = YES_ERROR;
				CLANG_WARN_DOCUMENTATION_COMMENTS = YES;
				CLANG_WARN_EMPTY_BODY = YES;
				CLANG_WARN_ENUM_CONVERSION = YES;
				CLANG_WARN_INFINITE_RECURSION = YES;
				CLANG_WARN_INT_CONVERSION = YES;
				CLANG_WARN_NON_LITERAL_NULL_CONVERSION = YES;
				CLANG_WARN_OBJC_IMPLICIT_RETAIN_SELF = YES;
				CLANG_WARN_OBJC_LITERAL_CONVERSION = YES;
				CLANG_WARN_OBJC_ROOT_CLASS = YES_ERROR;
				CLANG_WARN_QUOTED_INCLUDE_IN_FRAMEWORK_HEADER = YES;
				CLANG_WARN_RANGE_LOOP_ANALYSIS = YES;
				CLANG_WARN_STRICT_PROTOTYPES = YES;
				CLANG_WARN_SUSPICIOUS_MOVE = YES;
				CLANG_WARN_UNGUARDED_AVAILABILITY = YES_AGGRESSIVE;
				CLANG_WARN_UNREACHABLE_CODE = YES;
				CLANG_WARN__DUPLICATE_METHOD_MATCH = YES;
				COPY_PHASE_STRIP = NO;
				DEBUG_INFORMATION_FORMAT = dwarf;
				ENABLE_STRICT_OBJC_MSGSEND = YES;
				ENABLE_TESTABILITY = YES;
				ENABLE_USER_SCRIPT_SANDBOXING = YES;
				GCC_C_LANGUAGE_STANDARD = gnu17;
				GCC_DYNAMIC_NO_PIC = NO;
				GCC_NO_COMMON_BLOCKS = YES;
				GCC_OPTIMIZATION_LEVEL = 0;
				GCC_PREPROCESSOR_DEFINITIONS = (
					"DEBUG=1",
					"$(inherited)",
				);
				GCC_WARN_64_TO_32_BIT_CONVERSION = YES;
				GCC_WARN_ABOUT_RETURN_TYPE = YES_ERROR;
				GCC_WARN_UNDECLARED_SELECTOR = YES;
				GCC_WARN_UNINITIALIZED_AUTOS = YES_AGGRESSIVE;
				GCC_WARN_UNUSED_FUNCTION = YES;
				GCC_WARN_UNUSED_VARIABLE = YES;
				IPHONEOS_DEPLOYMENT_TARGET = 17.0;
				LOCALIZATION_PREFERS_STRING_CATALOGS = YES;
				MTL_ENABLE_DEBUG_INFO = INCLUDE_SOURCE;
				MTL_FAST_MATH = YES;
				ONLY_ACTIVE_ARCH = YES;
				SDKROOT = iphoneos;
				SWIFT_ACTIVE_COMPILATION_CONDITIONS = "DEBUG $(inherited)";
				SWIFT_OPTIMIZATION_LEVEL = "-Onone";
			};
			name = Debug;
		};
		9C883F0F2AF414BA0055A89F /* Release */ = {
			isa = XCBuildConfiguration;
			buildSettings = {
				ALWAYS_SEARCH_USER_PATHS = NO;
				ASSETCATALOG_COMPILER_GENERATE_SWIFT_ASSET_SYMBOL_EXTENSIONS = YES;
				CLANG_ANALYZER_NONNULL = YES;
				CLANG_ANALYZER_NUMBER_OBJECT_CONVERSION = YES_AGGRESSIVE;
				CLANG_CXX_LANGUAGE_STANDARD = "gnu++20";
				CLANG_ENABLE_MODULES = YES;
				CLANG_ENABLE_OBJC_ARC = YES;
				CLANG_ENABLE_OBJC_WEAK = YES;
				CLANG_WARN_BLOCK_CAPTURE_AUTORELEASING = YES;
				CLANG_WARN_BOOL_CONVERSION = YES;
				CLANG_WARN_COMMA = YES;
				CLANG_WARN_CONSTANT_CONVERSION = YES;
				CLANG_WARN_DEPRECATED_OBJC_IMPLEMENTATIONS = YES;
				CLANG_WARN_DIRECT_OBJC_ISA_USAGE = YES_ERROR;
				CLANG_WARN_DOCUMENTATION_COMMENTS = YES;
				CLANG_WARN_EMPTY_BODY = YES;
				CLANG_WARN_ENUM_CONVERSION = YES;
				CLANG_WARN_INFINITE_RECURSION = YES;
				CLANG_WARN_INT_CONVERSION = YES;
				CLANG_WARN_NON_LITERAL_NULL_CONVERSION = YES;
				CLANG_WARN_OBJC_IMPLICIT_RETAIN_SELF = YES;
				CLANG_WARN_OBJC_LITERAL_CONVERSION = YES;
				CLANG_WARN_OBJC_ROOT_CLASS = YES_ERROR;
				CLANG_WARN_QUOTED_INCLUDE_IN_FRAMEWORK_HEADER = YES;
				CLANG_WARN_RANGE_LOOP_ANALYSIS = YES;
				CLANG_WARN_STRICT_PROTOTYPES = YES;
				CLANG_WARN_SUSPICIOUS_MOVE = YES;
				CLANG_WARN_UNGUARDED_AVAILABILITY = YES_AGGRESSIVE;
				CLANG_WARN_UNREACHABLE_CODE = YES;
				CLANG_WARN__DUPLICATE_METHOD_MATCH = YES;
				COPY_PHASE_STRIP = NO;
				DEBUG_INFORMATION_FORMAT = "dwarf-with-dsym";
				ENABLE_NS_ASSERTIONS = NO;
				ENABLE_STRICT_OBJC_MSGSEND = YES;
				ENABLE_USER_SCRIPT_SANDBOXING = YES;
				GCC_C_LANGUAGE_STANDARD = gnu17;
				GCC_NO_COMMON_BLOCKS = YES;
				GCC_WARN_64_TO_32_BIT_CONVERSION = YES;
				GCC_WARN_ABOUT_RETURN_TYPE = YES_ERROR;
				GCC_WARN_UNDECLARED_SELECTOR = YES;
				GCC_WARN_UNINITIALIZED_AUTOS = YES_AGGRESSIVE;
				GCC_WARN_UNUSED_FUNCTION = YES;
				GCC_WARN_UNUSED_VARIABLE = YES;
				IPHONEOS_DEPLOYMENT_TARGET = 17.0;
				LOCALIZATION_PREFERS_STRING_CATALOGS = YES;
				MTL_ENABLE_DEBUG_INFO = NO;
				MTL_FAST_MATH = YES;
				SDKROOT = iphoneos;
				SWIFT_COMPILATION_MODE = wholemodule;
				VALIDATE_PRODUCT = YES;
			};
			name = Release;
		};
		9C883F112AF414BA0055A89F /* Debug */ = {
			isa = XCBuildConfiguration;
			buildSettings = {
				ASSETCATALOG_COMPILER_APPICON_NAME = AppIcon;
				ASSETCATALOG_COMPILER_GLOBAL_ACCENT_COLOR_NAME = AccentColor;
				CODE_SIGN_STYLE = Automatic;
				CURRENT_PROJECT_VERSION = 1;
				DEVELOPMENT_ASSET_PATHS = "\"Appetizers/Preview Content\"";
				DEVELOPMENT_TEAM = P4C96D92PU;
				ENABLE_PREVIEWS = YES;
				GENERATE_INFOPLIST_FILE = YES;
				INFOPLIST_KEY_UIApplicationSceneManifest_Generation = YES;
				INFOPLIST_KEY_UIApplicationSupportsIndirectInputEvents = YES;
				INFOPLIST_KEY_UILaunchScreen_Generation = YES;
				INFOPLIST_KEY_UISupportedInterfaceOrientations_iPad = "UIInterfaceOrientationPortrait UIInterfaceOrientationPortraitUpsideDown UIInterfaceOrientationLandscapeLeft UIInterfaceOrientationLandscapeRight";
				INFOPLIST_KEY_UISupportedInterfaceOrientations_iPhone = "UIInterfaceOrientationPortrait UIInterfaceOrientationLandscapeLeft UIInterfaceOrientationLandscapeRight";
				LD_RUNPATH_SEARCH_PATHS = (
					"$(inherited)",
					"@executable_path/Frameworks",
				);
				MARKETING_VERSION = 1.0;
				PRODUCT_BUNDLE_IDENTIFIER = niveriya.lov.Appetizers;
				PRODUCT_NAME = "$(TARGET_NAME)";
				SWIFT_EMIT_LOC_STRINGS = YES;
				SWIFT_VERSION = 5.0;
				TARGETED_DEVICE_FAMILY = "1,2";
			};
			name = Debug;
		};
		9C883F122AF414BA0055A89F /* Release */ = {
			isa = XCBuildConfiguration;
			buildSettings = {
				ASSETCATALOG_COMPILER_APPICON_NAME = AppIcon;
				ASSETCATALOG_COMPILER_GLOBAL_ACCENT_COLOR_NAME = AccentColor;
				CODE_SIGN_STYLE = Automatic;
				CURRENT_PROJECT_VERSION = 1;
				DEVELOPMENT_ASSET_PATHS = "\"Appetizers/Preview Content\"";
				DEVELOPMENT_TEAM = P4C96D92PU;
				ENABLE_PREVIEWS = YES;
				GENERATE_INFOPLIST_FILE = YES;
				INFOPLIST_KEY_UIApplicationSceneManifest_Generation = YES;
				INFOPLIST_KEY_UIApplicationSupportsIndirectInputEvents = YES;
				INFOPLIST_KEY_UILaunchScreen_Generation = YES;
				INFOPLIST_KEY_UISupportedInterfaceOrientations_iPad = "UIInterfaceOrientationPortrait UIInterfaceOrientationPortraitUpsideDown UIInterfaceOrientationLandscapeLeft UIInterfaceOrientationLandscapeRight";
				INFOPLIST_KEY_UISupportedInterfaceOrientations_iPhone = "UIInterfaceOrientationPortrait UIInterfaceOrientationLandscapeLeft UIInterfaceOrientationLandscapeRight";
				LD_RUNPATH_SEARCH_PATHS = (
					"$(inherited)",
					"@executable_path/Frameworks",
				);
				MARKETING_VERSION = 1.0;
				PRODUCT_BUNDLE_IDENTIFIER = niveriya.lov.Appetizers;
				PRODUCT_NAME = "$(TARGET_NAME)";
				SWIFT_EMIT_LOC_STRINGS = YES;
				SWIFT_VERSION = 5.0;
				TARGETED_DEVICE_FAMILY = "1,2";
			};
			name = Release;
		};
		9C883F142AF414BA0055A89F /* Debug */ = {
			isa = XCBuildConfiguration;
			buildSettings = {
				ALWAYS_EMBED_SWIFT_STANDARD_LIBRARIES = YES;
				BUNDLE_LOADER = "$(TEST_HOST)";
				CODE_SIGN_STYLE = Automatic;
				CURRENT_PROJECT_VERSION = 1;
				DEVELOPMENT_TEAM = P4C96D92PU;
				GENERATE_INFOPLIST_FILE = YES;
				IPHONEOS_DEPLOYMENT_TARGET = 17.0;
				MARKETING_VERSION = 1.0;
				PRODUCT_BUNDLE_IDENTIFIER = niveriya.lov.AppetizersTests;
				PRODUCT_NAME = "$(TARGET_NAME)";
				SWIFT_EMIT_LOC_STRINGS = NO;
				SWIFT_VERSION = 5.0;
				TARGETED_DEVICE_FAMILY = "1,2";
				TEST_HOST = "$(BUILT_PRODUCTS_DIR)/Appetizers.app/$(BUNDLE_EXECUTABLE_FOLDER_PATH)/Appetizers";
			};
			name = Debug;
		};
		9C883F152AF414BA0055A89F /* Release */ = {
			isa = XCBuildConfiguration;
			buildSettings = {
				ALWAYS_EMBED_SWIFT_STANDARD_LIBRARIES = YES;
				BUNDLE_LOADER = "$(TEST_HOST)";
				CODE_SIGN_STYLE = Automatic;
				CURRENT_PROJECT_VERSION = 1;
				DEVELOPMENT_TEAM = P4C96D92PU;
				GENERATE_INFOPLIST_FILE = YES;
				IPHONEOS_DEPLOYMENT_TARGET = 17.0;
				MARKETING_VERSION = 1.0;
				PRODUCT_BUNDLE_IDENTIFIER = niveriya.lov.AppetizersTests;
				PRODUCT_NAME = "$(TARGET_NAME)";
				SWIFT_EMIT_LOC_STRINGS = NO;
				SWIFT_VERSION = 5.0;
				TARGETED_DEVICE_FAMILY = "1,2";
				TEST_HOST = "$(BUILT_PRODUCTS_DIR)/Appetizers.app/$(BUNDLE_EXECUTABLE_FOLDER_PATH)/Appetizers";
			};
			name = Release;
		};
		9C883F172AF414BA0055A89F /* Debug */ = {
			isa = XCBuildConfiguration;
			buildSettings = {
				ALWAYS_EMBED_SWIFT_STANDARD_LIBRARIES = YES;
				CODE_SIGN_STYLE = Automatic;
				CURRENT_PROJECT_VERSION = 1;
				DEVELOPMENT_TEAM = P4C96D92PU;
				GENERATE_INFOPLIST_FILE = YES;
				MARKETING_VERSION = 1.0;
				PRODUCT_BUNDLE_IDENTIFIER = niveriya.lov.AppetizersUITests;
				PRODUCT_NAME = "$(TARGET_NAME)";
				SWIFT_EMIT_LOC_STRINGS = NO;
				SWIFT_VERSION = 5.0;
				TARGETED_DEVICE_FAMILY = "1,2";
				TEST_TARGET_NAME = Appetizers;
			};
			name = Debug;
		};
		9C883F182AF414BA0055A89F /* Release */ = {
			isa = XCBuildConfiguration;
			buildSettings = {
				ALWAYS_EMBED_SWIFT_STANDARD_LIBRARIES = YES;
				CODE_SIGN_STYLE = Automatic;
				CURRENT_PROJECT_VERSION = 1;
				DEVELOPMENT_TEAM = P4C96D92PU;
				GENERATE_INFOPLIST_FILE = YES;
				MARKETING_VERSION = 1.0;
				PRODUCT_BUNDLE_IDENTIFIER = niveriya.lov.AppetizersUITests;
				PRODUCT_NAME = "$(TARGET_NAME)";
				SWIFT_EMIT_LOC_STRINGS = NO;
				SWIFT_VERSION = 5.0;
				TARGETED_DEVICE_FAMILY = "1,2";
				TEST_TARGET_NAME = Appetizers;
			};
			name = Release;
		};
/* End XCBuildConfiguration section */

/* Begin XCConfigurationList section */
		9C883EE72AF414B80055A89F /* Build configuration list for PBXProject "Appetizers" */ = {
			isa = XCConfigurationList;
			buildConfigurations = (
				9C883F0E2AF414BA0055A89F /* Debug */,
				9C883F0F2AF414BA0055A89F /* Release */,
			);
			defaultConfigurationIsVisible = 0;
			defaultConfigurationName = Release;
		};
		9C883F102AF414BA0055A89F /* Build configuration list for PBXNativeTarget "Appetizers" */ = {
			isa = XCConfigurationList;
			buildConfigurations = (
				9C883F112AF414BA0055A89F /* Debug */,
				9C883F122AF414BA0055A89F /* Release */,
			);
			defaultConfigurationIsVisible = 0;
			defaultConfigurationName = Release;
		};
		9C883F132AF414BA0055A89F /* Build configuration list for PBXNativeTarget "AppetizersTests" */ = {
			isa = XCConfigurationList;
			buildConfigurations = (
				9C883F142AF414BA0055A89F /* Debug */,
				9C883F152AF414BA0055A89F /* Release */,
			);
			defaultConfigurationIsVisible = 0;
			defaultConfigurationName = Release;
		};
		9C883F162AF414BA0055A89F /* Build configuration list for PBXNativeTarget "AppetizersUITests" */ = {
			isa = XCConfigurationList;
			buildConfigurations = (
				9C883F172AF414BA0055A89F /* Debug */,
				9C883F182AF414BA0055A89F /* Release */,
			);
			defaultConfigurationIsVisible = 0;
			defaultConfigurationName = Release;
		};
/* End XCConfigurationList section */
	};
	rootObject = 9C883EE42AF414B80055A89F /* Project object */;
}
